<Solution>
  <Folder Name="/src/">
    <Project Path="src/Filum.Agent.Http/Filum.Agent.Http.csproj" />
    <Project Path="src/Filum.Agent/Filum.Agent.csproj" />
    <Project Path="src/Filum.Engine/Filum.Engine.csproj" />
    <Project Path="src/Filum.Mcp/Filum.Mcp.csproj" />
  </Folder>
  <Folder Name="/tests/">
    <Project Path="tests/Filum.Agent.Tests/Filum.Agent.Tests.csproj" />
    <Project Path="tests/Filum.Engine.Testing/Filum.Engine.Testing.csproj" />
    <Project Path="tests/Filum.Engine.Tests/Filum.Engine.Tests.csproj" />
    <Project Path="tests/Filum.Mcp.Tests/Filum.Mcp.Tests.csproj" />
  </Folder>
</Solution>
